
Microsoft Visual Studio Solution File, Format Version 12.00
# Visual Studio 14
VisualStudioVersion = 14.0.25123.0
MinimumVisualStudioVersion = 10.0.40219.1
Project("{FAE04EC0-301F-11D3-BF4B-00C04F79EFBC}") = "Tangent.Cli", "Tangent.Cli.csproj", "{46692EC2-E8D9-409B-9D8F-EC28338C744A}"
EndProject
Project("{FAE04EC0-301F-11D3-BF4B-00C04F79EFBC}") = "Tangent.Tokenization", "..\Tangent.Tokenization\Tangent.Tokenization.csproj", "{AE943962-7EB9-47D5-8436-821035AC0B74}"
EndProject
Project("{FAE04EC0-301F-11D3-BF4B-00C04F79EFBC}") = "Tangent.Parsing", "..\Tangent.Parsing\Tangent.Parsing.csproj", "{92BC2B39-A9B5-42E4-8107-BFFEF6D7928A}"
EndProject
Project("{FAE04EC0-301F-11D3-BF4B-00C04F79EFBC}") = "Tangent.Intermediate", "..\Tangent.Intermediate\Tangent.Intermediate.csproj", "{91B94F1E-2F60-4392-BB46-EC5F65A44B59}"
EndProject
Project("{FAE04EC0-301F-11D3-BF4B-00C04F79EFBC}") = "Tangent.Intermediate.UnitTests", "..\Tangent.Intermediate.UnitTests\Tangent.Intermediate.UnitTests.csproj", "{EE549A76-9C13-439D-9F51-A5E39DB80BDE}"
EndProject
Project("{FAE04EC0-301F-11D3-BF4B-00C04F79EFBC}") = "Tangent.Parsing.UnitTests", "..\Tangent.Parsing.UnitTests\Tangent.Parsing.UnitTests.csproj", "{8F33874E-61AA-49D3-87EF-F319EC555540}"
EndProject
Project("{FAE04EC0-301F-11D3-BF4B-00C04F79EFBC}") = "Tangent.Tokenization.UnitTests", "..\Tangent.Tokenization.UnitTests\Tangent.Tokenization.UnitTests.csproj", "{233955FC-538F-4E6C-B9ED-8CCE4865A0D1}"
EndProject
Project("{FAE04EC0-301F-11D3-BF4B-00C04F79EFBC}") = "Tangent.CilGeneration", "..\Tangent.CilGeneration\Tangent.CilGeneration.csproj", "{7D611411-13A3-4AE2-B382-5B91DB6DB07A}"
EndProject
Project("{FAE04EC0-301F-11D3-BF4B-00C04F79EFBC}") = "Tangent.CilGeneration.UnitTests", "..\Tangent.CilGeneration.UnitTests\Tangent.CilGeneration.UnitTests.csproj", "{7AC7335C-D096-44CE-A852-8157BB04F6BE}"
EndProject
Project("{FAE04EC0-301F-11D3-BF4B-00C04F79EFBC}") = "Tangent.Common", "..\Tangent.Common\Tangent.Common.csproj", "{A446FC42-B937-44FF-9D21-8A1552DD86DF}"
EndProject
Project("{FAE04EC0-301F-11D3-BF4B-00C04F79EFBC}") = "Tangent.Runtime", "..\Tangent.Runtime\Tangent.Runtime.csproj", "{DC6E9B99-9E30-413F-B4F4-1352FDFAE50B}"
EndProject
Project("{FAE04EC0-301F-11D3-BF4B-00C04F79EFBC}") = "Tangent.Cli.TestSuite", "..\Tangent.Cli.TestSuite\Tangent.Cli.TestSuite.csproj", "{42157276-9B45-4B5E-8AEE-6415F582FB76}"
EndProject
Global
	GlobalSection(SolutionConfigurationPlatforms) = preSolution
		Debug|Any CPU = Debug|Any CPU
		Release|Any CPU = Release|Any CPU
	EndGlobalSection
	GlobalSection(ProjectConfigurationPlatforms) = postSolution
		{46692EC2-E8D9-409B-9D8F-EC28338C744A}.Debug|Any CPU.ActiveCfg = Debug|Any CPU
		{46692EC2-E8D9-409B-9D8F-EC28338C744A}.Debug|Any CPU.Build.0 = Debug|Any CPU
		{46692EC2-E8D9-409B-9D8F-EC28338C744A}.Release|Any CPU.ActiveCfg = Release|Any CPU
		{46692EC2-E8D9-409B-9D8F-EC28338C744A}.Release|Any CPU.Build.0 = Release|Any CPU
		{AE943962-7EB9-47D5-8436-821035AC0B74}.Debug|Any CPU.ActiveCfg = Debug|Any CPU
		{AE943962-7EB9-47D5-8436-821035AC0B74}.Debug|Any CPU.Build.0 = Debug|Any CPU
		{AE943962-7EB9-47D5-8436-821035AC0B74}.Release|Any CPU.ActiveCfg = Release|Any CPU
		{AE943962-7EB9-47D5-8436-821035AC0B74}.Release|Any CPU.Build.0 = Release|Any CPU
		{92BC2B39-A9B5-42E4-8107-BFFEF6D7928A}.Debug|Any CPU.ActiveCfg = Debug|Any CPU
		{92BC2B39-A9B5-42E4-8107-BFFEF6D7928A}.Debug|Any CPU.Build.0 = Debug|Any CPU
		{92BC2B39-A9B5-42E4-8107-BFFEF6D7928A}.Release|Any CPU.ActiveCfg = Release|Any CPU
		{92BC2B39-A9B5-42E4-8107-BFFEF6D7928A}.Release|Any CPU.Build.0 = Release|Any CPU
		{91B94F1E-2F60-4392-BB46-EC5F65A44B59}.Debug|Any CPU.ActiveCfg = Debug|Any CPU
		{91B94F1E-2F60-4392-BB46-EC5F65A44B59}.Debug|Any CPU.Build.0 = Debug|Any CPU
		{91B94F1E-2F60-4392-BB46-EC5F65A44B59}.Release|Any CPU.ActiveCfg = Release|Any CPU
		{91B94F1E-2F60-4392-BB46-EC5F65A44B59}.Release|Any CPU.Build.0 = Release|Any CPU
		{EE549A76-9C13-439D-9F51-A5E39DB80BDE}.Debug|Any CPU.ActiveCfg = Debug|Any CPU
		{EE549A76-9C13-439D-9F51-A5E39DB80BDE}.Debug|Any CPU.Build.0 = Debug|Any CPU
		{EE549A76-9C13-439D-9F51-A5E39DB80BDE}.Release|Any CPU.ActiveCfg = Release|Any CPU
		{EE549A76-9C13-439D-9F51-A5E39DB80BDE}.Release|Any CPU.Build.0 = Release|Any CPU
		{8F33874E-61AA-49D3-87EF-F319EC555540}.Debug|Any CPU.ActiveCfg = Debug|Any CPU
		{8F33874E-61AA-49D3-87EF-F319EC555540}.Debug|Any CPU.Build.0 = Debug|Any CPU
		{8F33874E-61AA-49D3-87EF-F319EC555540}.Release|Any CPU.ActiveCfg = Release|Any CPU
		{8F33874E-61AA-49D3-87EF-F319EC555540}.Release|Any CPU.Build.0 = Release|Any CPU
		{233955FC-538F-4E6C-B9ED-8CCE4865A0D1}.Debug|Any CPU.ActiveCfg = Debug|Any CPU
		{233955FC-538F-4E6C-B9ED-8CCE4865A0D1}.Debug|Any CPU.Build.0 = Debug|Any CPU
		{233955FC-538F-4E6C-B9ED-8CCE4865A0D1}.Release|Any CPU.ActiveCfg = Release|Any CPU
		{233955FC-538F-4E6C-B9ED-8CCE4865A0D1}.Release|Any CPU.Build.0 = Release|Any CPU
		{7D611411-13A3-4AE2-B382-5B91DB6DB07A}.Debug|Any CPU.ActiveCfg = Debug|Any CPU
		{7D611411-13A3-4AE2-B382-5B91DB6DB07A}.Debug|Any CPU.Build.0 = Debug|Any CPU
		{7D611411-13A3-4AE2-B382-5B91DB6DB07A}.Release|Any CPU.ActiveCfg = Release|Any CPU
		{7D611411-13A3-4AE2-B382-5B91DB6DB07A}.Release|Any CPU.Build.0 = Release|Any CPU
		{7AC7335C-D096-44CE-A852-8157BB04F6BE}.Debug|Any CPU.ActiveCfg = Debug|Any CPU
		{7AC7335C-D096-44CE-A852-8157BB04F6BE}.Debug|Any CPU.Build.0 = Debug|Any CPU
		{7AC7335C-D096-44CE-A852-8157BB04F6BE}.Release|Any CPU.ActiveCfg = Release|Any CPU
		{7AC7335C-D096-44CE-A852-8157BB04F6BE}.Release|Any CPU.Build.0 = Release|Any CPU
		{A446FC42-B937-44FF-9D21-8A1552DD86DF}.Debug|Any CPU.ActiveCfg = Debug|Any CPU
		{A446FC42-B937-44FF-9D21-8A1552DD86DF}.Debug|Any CPU.Build.0 = Debug|Any CPU
		{A446FC42-B937-44FF-9D21-8A1552DD86DF}.Release|Any CPU.ActiveCfg = Release|Any CPU
		{A446FC42-B937-44FF-9D21-8A1552DD86DF}.Release|Any CPU.Build.0 = Release|Any CPU
		{DC6E9B99-9E30-413F-B4F4-1352FDFAE50B}.Debug|Any CPU.ActiveCfg = Debug|Any CPU
		{DC6E9B99-9E30-413F-B4F4-1352FDFAE50B}.Debug|Any CPU.Build.0 = Debug|Any CPU
		{DC6E9B99-9E30-413F-B4F4-1352FDFAE50B}.Release|Any CPU.ActiveCfg = Release|Any CPU
		{DC6E9B99-9E30-413F-B4F4-1352FDFAE50B}.Release|Any CPU.Build.0 = Release|Any CPU
		{42157276-9B45-4B5E-8AEE-6415F582FB76}.Debug|Any CPU.ActiveCfg = Debug|Any CPU
		{42157276-9B45-4B5E-8AEE-6415F582FB76}.Debug|Any CPU.Build.0 = Debug|Any CPU
		{42157276-9B45-4B5E-8AEE-6415F582FB76}.Release|Any CPU.ActiveCfg = Release|Any CPU
		{42157276-9B45-4B5E-8AEE-6415F582FB76}.Release|Any CPU.Build.0 = Release|Any CPU
	EndGlobalSection
	GlobalSection(SolutionProperties) = preSolution
		HideSolutionNode = FALSE
	EndGlobalSection
EndGlobal
